// !$*UTF8*$!
{
	archiveVersion = 1;
	classes = {
	};
	objectVersion = 56;
	objects = {

/* Begin PBXBuildFile section */
		12DB3FE78C2829E984866F24 /* Pods_Football_League_Application_Football_League_ApplicationUITests.framework in Frameworks */ = {isa = PBXBuildFile; fileRef = 0054D7249B540F6912B54594 /* Pods_Football_League_Application_Football_League_ApplicationUITests.framework */; };
		1AFB979D997329AE1E822746 /* Pods_Football_League_ApplicationTests.framework in Frameworks */ = {isa = PBXBuildFile; fileRef = DE9474251F0DC93E63CC3D3E /* Pods_Football_League_ApplicationTests.framework */; };
		445A358B2C333CB300B7CB48 /* sport.json in Resources */ = {isa = PBXBuildFile; fileRef = 445A358A2C333CB300B7CB48 /* sport.json */; };
		445A358E2C333D5300B7CB48 /* HomeViewController.swift in Sources */ = {isa = PBXBuildFile; fileRef = 445A358D2C333D5300B7CB48 /* HomeViewController.swift */; };
		44BC3B142C3334D30045E84E /* AppDelegate.swift in Sources */ = {isa = PBXBuildFile; fileRef = 44BC3B132C3334D30045E84E /* AppDelegate.swift */; };
		44BC3B162C3334D30045E84E /* SceneDelegate.swift in Sources */ = {isa = PBXBuildFile; fileRef = 44BC3B152C3334D30045E84E /* SceneDelegate.swift */; };
		44BC3B182C3334D30045E84E /* SplashViewController.swift in Sources */ = {isa = PBXBuildFile; fileRef = 44BC3B172C3334D30045E84E /* SplashViewController.swift */; };
		44BC3B1B2C3334D30045E84E /* Main.storyboard in Resources */ = {isa = PBXBuildFile; fileRef = 44BC3B192C3334D30045E84E /* Main.storyboard */; };
		44BC3B1E2C3334D30045E84E /* Football_League_Application.xcdatamodeld in Sources */ = {isa = PBXBuildFile; fileRef = 44BC3B1C2C3334D30045E84E /* Football_League_Application.xcdatamodeld */; };
		44BC3B202C3334D50045E84E /* Assets.xcassets in Resources */ = {isa = PBXBuildFile; fileRef = 44BC3B1F2C3334D50045E84E /* Assets.xcassets */; };
		44BC3B232C3334D50045E84E /* LaunchScreen.storyboard in Resources */ = {isa = PBXBuildFile; fileRef = 44BC3B212C3334D50045E84E /* LaunchScreen.storyboard */; };
		44BC3B2E2C3334D60045E84E /* Football_League_ApplicationTests.swift in Sources */ = {isa = PBXBuildFile; fileRef = 44BC3B2D2C3334D60045E84E /* Football_League_ApplicationTests.swift */; };
		44BC3B382C3334D60045E84E /* Football_League_ApplicationUITests.swift in Sources */ = {isa = PBXBuildFile; fileRef = 44BC3B372C3334D60045E84E /* Football_League_ApplicationUITests.swift */; };
		44BC3B3A2C3334D60045E84E /* Football_League_ApplicationUITestsLaunchTests.swift in Sources */ = {isa = PBXBuildFile; fileRef = 44BC3B392C3334D60045E84E /* Football_League_ApplicationUITestsLaunchTests.swift */; };
		44BC3B472C3338090045E84E /* gitignore.txt in Resources */ = {isa = PBXBuildFile; fileRef = 44BC3B462C3338090045E84E /* gitignore.txt */; };
		9CF72F5EB2CE8689E500542C /* Pods_Football_League_Application.framework in Frameworks */ = {isa = PBXBuildFile; fileRef = 77EDC9E50975747E36E6EDC7 /* Pods_Football_League_Application.framework */; };
/* End PBXBuildFile section */

/* Begin PBXContainerItemProxy section */
		44BC3B2A2C3334D60045E84E /* PBXContainerItemProxy */ = {
			isa = PBXContainerItemProxy;
			containerPortal = 44BC3B082C3334D30045E84E /* Project object */;
			proxyType = 1;
			remoteGlobalIDString = 44BC3B0F2C3334D30045E84E;
			remoteInfo = "Football League Application";
		};
		44BC3B342C3334D60045E84E /* PBXContainerItemProxy */ = {
			isa = PBXContainerItemProxy;
			containerPortal = 44BC3B082C3334D30045E84E /* Project object */;
			proxyType = 1;
			remoteGlobalIDString = 44BC3B0F2C3334D30045E84E;
			remoteInfo = "Football League Application";
		};
/* End PBXContainerItemProxy section */

/* Begin PBXFileReference section */
		0054D7249B540F6912B54594 /* Pods_Football_League_Application_Football_League_ApplicationUITests.framework */ = {isa = PBXFileReference; explicitFileType = wrapper.framework; includeInIndex = 0; path = Pods_Football_League_Application_Football_League_ApplicationUITests.framework; sourceTree = BUILT_PRODUCTS_DIR; };
		35AE925C2640734E27F0A213 /* Pods-Football League Application-Football League ApplicationUITests.release.xcconfig */ = {isa = PBXFileReference; includeInIndex = 1; lastKnownFileType = text.xcconfig; name = "Pods-Football League Application-Football League ApplicationUITests.release.xcconfig"; path = "Target Support Files/Pods-Football League Application-Football League ApplicationUITests/Pods-Football League Application-Football League ApplicationUITests.release.xcconfig"; sourceTree = "<group>"; };
		445A358A2C333CB300B7CB48 /* sport.json */ = {isa = PBXFileReference; fileEncoding = 4; lastKnownFileType = text.json; path = sport.json; sourceTree = "<group>"; };
		445A358D2C333D5300B7CB48 /* HomeViewController.swift */ = {isa = PBXFileReference; lastKnownFileType = sourcecode.swift; path = HomeViewController.swift; sourceTree = "<group>"; };
		44BC3B102C3334D30045E84E /* Football League Application.app */ = {isa = PBXFileReference; explicitFileType = wrapper.application; includeInIndex = 0; path = "Football League Application.app"; sourceTree = BUILT_PRODUCTS_DIR; };
		44BC3B132C3334D30045E84E /* AppDelegate.swift */ = {isa = PBXFileReference; lastKnownFileType = sourcecode.swift; path = AppDelegate.swift; sourceTree = "<group>"; };
		44BC3B152C3334D30045E84E /* SceneDelegate.swift */ = {isa = PBXFileReference; lastKnownFileType = sourcecode.swift; path = SceneDelegate.swift; sourceTree = "<group>"; };
		44BC3B172C3334D30045E84E /* SplashViewController.swift */ = {isa = PBXFileReference; lastKnownFileType = sourcecode.swift; path = SplashViewController.swift; sourceTree = "<group>"; };
		44BC3B1A2C3334D30045E84E /* Base */ = {isa = PBXFileReference; lastKnownFileType = file.storyboard; name = Base; path = Base.lproj/Main.storyboard; sourceTree = "<group>"; };
		44BC3B1D2C3334D30045E84E /* Football_League_Application.xcdatamodel */ = {isa = PBXFileReference; lastKnownFileType = wrapper.xcdatamodel; path = Football_League_Application.xcdatamodel; sourceTree = "<group>"; };
		44BC3B1F2C3334D50045E84E /* Assets.xcassets */ = {isa = PBXFileReference; lastKnownFileType = folder.assetcatalog; path = Assets.xcassets; sourceTree = "<group>"; };
		44BC3B222C3334D50045E84E /* Base */ = {isa = PBXFileReference; lastKnownFileType = file.storyboard; name = Base; path = Base.lproj/LaunchScreen.storyboard; sourceTree = "<group>"; };
		44BC3B242C3334D50045E84E /* Info.plist */ = {isa = PBXFileReference; lastKnownFileType = text.plist.xml; path = Info.plist; sourceTree = "<group>"; };
		44BC3B292C3334D60045E84E /* Football League ApplicationTests.xctest */ = {isa = PBXFileReference; explicitFileType = wrapper.cfbundle; includeInIndex = 0; path = "Football League ApplicationTests.xctest"; sourceTree = BUILT_PRODUCTS_DIR; };
		44BC3B2D2C3334D60045E84E /* Football_League_ApplicationTests.swift */ = {isa = PBXFileReference; lastKnownFileType = sourcecode.swift; path = Football_League_ApplicationTests.swift; sourceTree = "<group>"; };
		44BC3B332C3334D60045E84E /* Football League ApplicationUITests.xctest */ = {isa = PBXFileReference; explicitFileType = wrapper.cfbundle; includeInIndex = 0; path = "Football League ApplicationUITests.xctest"; sourceTree = BUILT_PRODUCTS_DIR; };
		44BC3B372C3334D60045E84E /* Football_League_ApplicationUITests.swift */ = {isa = PBXFileReference; lastKnownFileType = sourcecode.swift; path = Football_League_ApplicationUITests.swift; sourceTree = "<group>"; };
		44BC3B392C3334D60045E84E /* Football_League_ApplicationUITestsLaunchTests.swift */ = {isa = PBXFileReference; lastKnownFileType = sourcecode.swift; path = Football_League_ApplicationUITestsLaunchTests.swift; sourceTree = "<group>"; };
		44BC3B462C3338090045E84E /* gitignore.txt */ = {isa = PBXFileReference; fileEncoding = 4; lastKnownFileType = text; path = gitignore.txt; sourceTree = "<group>"; };
		59A6B88E2D3DBC92CA960C5F /* Pods-Football League ApplicationTests.debug.xcconfig */ = {isa = PBXFileReference; includeInIndex = 1; lastKnownFileType = text.xcconfig; name = "Pods-Football League ApplicationTests.debug.xcconfig"; path = "Target Support Files/Pods-Football League ApplicationTests/Pods-Football League ApplicationTests.debug.xcconfig"; sourceTree = "<group>"; };
		609500829173D4B359E65FBF /* Pods-Football League ApplicationTests.release.xcconfig */ = {isa = PBXFileReference; includeInIndex = 1; lastKnownFileType = text.xcconfig; name = "Pods-Football League ApplicationTests.release.xcconfig"; path = "Target Support Files/Pods-Football League ApplicationTests/Pods-Football League ApplicationTests.release.xcconfig"; sourceTree = "<group>"; };
		77EDC9E50975747E36E6EDC7 /* Pods_Football_League_Application.framework */ = {isa = PBXFileReference; explicitFileType = wrapper.framework; includeInIndex = 0; path = Pods_Football_League_Application.framework; sourceTree = BUILT_PRODUCTS_DIR; };
		8FDC90E97FB253974EF3CB26 /* Pods-Football League Application.release.xcconfig */ = {isa = PBXFileReference; includeInIndex = 1; lastKnownFileType = text.xcconfig; name = "Pods-Football League Application.release.xcconfig"; path = "Target Support Files/Pods-Football League Application/Pods-Football League Application.release.xcconfig"; sourceTree = "<group>"; };
		9749969CB18E45EFF718E7D8 /* Pods-Football League Application.debug.xcconfig */ = {isa = PBXFileReference; includeInIndex = 1; lastKnownFileType = text.xcconfig; name = "Pods-Football League Application.debug.xcconfig"; path = "Target Support Files/Pods-Football League Application/Pods-Football League Application.debug.xcconfig"; sourceTree = "<group>"; };
		DE9474251F0DC93E63CC3D3E /* Pods_Football_League_ApplicationTests.framework */ = {isa = PBXFileReference; explicitFileType = wrapper.framework; includeInIndex = 0; path = Pods_Football_League_ApplicationTests.framework; sourceTree = BUILT_PRODUCTS_DIR; };
		FC71522C7AEA4C74D50DFEDB /* Pods-Football League Application-Football League ApplicationUITests.debug.xcconfig */ = {isa = PBXFileReference; includeInIndex = 1; lastKnownFileType = text.xcconfig; name = "Pods-Football League Application-Football League ApplicationUITests.debug.xcconfig"; path = "Target Support Files/Pods-Football League Application-Football League ApplicationUITests/Pods-Football League Application-Football League ApplicationUITests.debug.xcconfig"; sourceTree = "<group>"; };
/* End PBXFileReference section */

/* Begin PBXFrameworksBuildPhase section */
		44BC3B0D2C3334D30045E84E /* Frameworks */ = {
			isa = PBXFrameworksBuildPhase;
			buildActionMask = 2147483647;
			files = (
				9CF72F5EB2CE8689E500542C /* Pods_Football_League_Application.framework in Frameworks */,
			);
			runOnlyForDeploymentPostprocessing = 0;
		};
		44BC3B262C3334D60045E84E /* Frameworks */ = {
			isa = PBXFrameworksBuildPhase;
			buildActionMask = 2147483647;
			files = (
				1AFB979D997329AE1E822746 /* Pods_Football_League_ApplicationTests.framework in Frameworks */,
			);
			runOnlyForDeploymentPostprocessing = 0;
		};
		44BC3B302C3334D60045E84E /* Frameworks */ = {
			isa = PBXFrameworksBuildPhase;
			buildActionMask = 2147483647;
			files = (
				12DB3FE78C2829E984866F24 /* Pods_Football_League_Application_Football_League_ApplicationUITests.framework in Frameworks */,
			);
			runOnlyForDeploymentPostprocessing = 0;
		};
/* End PBXFrameworksBuildPhase section */

/* Begin PBXGroup section */
		33647C0AF830FF9BD992D553 /* Frameworks */ = {
			isa = PBXGroup;
			children = (
				77EDC9E50975747E36E6EDC7 /* Pods_Football_League_Application.framework */,
				0054D7249B540F6912B54594 /* Pods_Football_League_Application_Football_League_ApplicationUITests.framework */,
				DE9474251F0DC93E63CC3D3E /* Pods_Football_League_ApplicationTests.framework */,
			);
			name = Frameworks;
			sourceTree = "<group>";
		};
		445A35892C333C4700B7CB48 /* SplashScreen */ = {
			isa = PBXGroup;
			children = (
				445A358A2C333CB300B7CB48 /* sport.json */,
				44BC3B172C3334D30045E84E /* SplashViewController.swift */,
			);
			path = SplashScreen;
			sourceTree = "<group>";
		};
		445A358C2C333D2C00B7CB48 /* Home */ = {
			isa = PBXGroup;
			children = (
				445A358D2C333D5300B7CB48 /* HomeViewController.swift */,
			);
			path = Home;
			sourceTree = "<group>";
		};
		44BC3B072C3334D30045E84E = {
			isa = PBXGroup;
			children = (
				44BC3B462C3338090045E84E /* gitignore.txt */,
				44BC3B122C3334D30045E84E /* Football League Application */,
				44BC3B2C2C3334D60045E84E /* Football League ApplicationTests */,
				44BC3B362C3334D60045E84E /* Football League ApplicationUITests */,
				44BC3B112C3334D30045E84E /* Products */,
				C122A7E2C58D3BE939C943B2 /* Pods */,
				33647C0AF830FF9BD992D553 /* Frameworks */,
			);
			sourceTree = "<group>";
		};
		44BC3B112C3334D30045E84E /* Products */ = {
			isa = PBXGroup;
			children = (
				44BC3B102C3334D30045E84E /* Football League Application.app */,
				44BC3B292C3334D60045E84E /* Football League ApplicationTests.xctest */,
				44BC3B332C3334D60045E84E /* Football League ApplicationUITests.xctest */,
			);
			name = Products;
			sourceTree = "<group>";
		};
		44BC3B122C3334D30045E84E /* Football League Application */ = {
			isa = PBXGroup;
			children = (
				445A358C2C333D2C00B7CB48 /* Home */,
				445A35892C333C4700B7CB48 /* SplashScreen */,
				44BC3B132C3334D30045E84E /* AppDelegate.swift */,
				44BC3B152C3334D30045E84E /* SceneDelegate.swift */,
				44BC3B192C3334D30045E84E /* Main.storyboard */,
				44BC3B1F2C3334D50045E84E /* Assets.xcassets */,
				44BC3B212C3334D50045E84E /* LaunchScreen.storyboard */,
				44BC3B242C3334D50045E84E /* Info.plist */,
				44BC3B1C2C3334D30045E84E /* Football_League_Application.xcdatamodeld */,
			);
			path = "Football League Application";
			sourceTree = "<group>";
		};
		44BC3B2C2C3334D60045E84E /* Football League ApplicationTests */ = {
			isa = PBXGroup;
			children = (
				44BC3B2D2C3334D60045E84E /* Football_League_ApplicationTests.swift */,
			);
			path = "Football League ApplicationTests";
			sourceTree = "<group>";
		};
		44BC3B362C3334D60045E84E /* Football League ApplicationUITests */ = {
			isa = PBXGroup;
			children = (
				44BC3B372C3334D60045E84E /* Football_League_ApplicationUITests.swift */,
				44BC3B392C3334D60045E84E /* Football_League_ApplicationUITestsLaunchTests.swift */,
			);
			path = "Football League ApplicationUITests";
			sourceTree = "<group>";
		};
		C122A7E2C58D3BE939C943B2 /* Pods */ = {
			isa = PBXGroup;
			children = (
				9749969CB18E45EFF718E7D8 /* Pods-Football League Application.debug.xcconfig */,
				8FDC90E97FB253974EF3CB26 /* Pods-Football League Application.release.xcconfig */,
				FC71522C7AEA4C74D50DFEDB /* Pods-Football League Application-Football League ApplicationUITests.debug.xcconfig */,
				35AE925C2640734E27F0A213 /* Pods-Football League Application-Football League ApplicationUITests.release.xcconfig */,
				59A6B88E2D3DBC92CA960C5F /* Pods-Football League ApplicationTests.debug.xcconfig */,
				609500829173D4B359E65FBF /* Pods-Football League ApplicationTests.release.xcconfig */,
			);
			path = Pods;
			sourceTree = "<group>";
		};
/* End PBXGroup section */

/* Begin PBXNativeTarget section */
		44BC3B0F2C3334D30045E84E /* Football League Application */ = {
			isa = PBXNativeTarget;
			buildConfigurationList = 44BC3B3D2C3334D60045E84E /* Build configuration list for PBXNativeTarget "Football League Application" */;
			buildPhases = (
				EB920DDA41DE893813B6DAB7 /* [CP] Check Pods Manifest.lock */,
				44BC3B0C2C3334D30045E84E /* Sources */,
				44BC3B0D2C3334D30045E84E /* Frameworks */,
				44BC3B0E2C3334D30045E84E /* Resources */,
				A6022C631DE41326A7C2C630 /* [CP] Embed Pods Frameworks */,
			);
			buildRules = (
			);
			dependencies = (
			);
			name = "Football League Application";
			productName = "Football League Application";
			productReference = 44BC3B102C3334D30045E84E /* Football League Application.app */;
			productType = "com.apple.product-type.application";
		};
		44BC3B282C3334D60045E84E /* Football League ApplicationTests */ = {
			isa = PBXNativeTarget;
			buildConfigurationList = 44BC3B402C3334D60045E84E /* Build configuration list for PBXNativeTarget "Football League ApplicationTests" */;
			buildPhases = (
				707670EB1B2129D6AEB6BD08 /* [CP] Check Pods Manifest.lock */,
				44BC3B252C3334D60045E84E /* Sources */,
				44BC3B262C3334D60045E84E /* Frameworks */,
				44BC3B272C3334D60045E84E /* Resources */,
			);
			buildRules = (
			);
			dependencies = (
				44BC3B2B2C3334D60045E84E /* PBXTargetDependency */,
			);
			name = "Football League ApplicationTests";
			productName = "Football League ApplicationTests";
			productReference = 44BC3B292C3334D60045E84E /* Football League ApplicationTests.xctest */;
			productType = "com.apple.product-type.bundle.unit-test";
		};
		44BC3B322C3334D60045E84E /* Football League ApplicationUITests */ = {
			isa = PBXNativeTarget;
			buildConfigurationList = 44BC3B432C3334D60045E84E /* Build configuration list for PBXNativeTarget "Football League ApplicationUITests" */;
			buildPhases = (
				FE5B2F61D22A3B5F91A1C9EE /* [CP] Check Pods Manifest.lock */,
				44BC3B2F2C3334D60045E84E /* Sources */,
				44BC3B302C3334D60045E84E /* Frameworks */,
				44BC3B312C3334D60045E84E /* Resources */,
				29AA5D4C289EE5EBDBB0564D /* [CP] Embed Pods Frameworks */,
			);
			buildRules = (
			);
			dependencies = (
				44BC3B352C3334D60045E84E /* PBXTargetDependency */,
			);
			name = "Football League ApplicationUITests";
			productName = "Football League ApplicationUITests";
			productReference = 44BC3B332C3334D60045E84E /* Football League ApplicationUITests.xctest */;
			productType = "com.apple.product-type.bundle.ui-testing";
		};
/* End PBXNativeTarget section */

/* Begin PBXProject section */
		44BC3B082C3334D30045E84E /* Project object */ = {
			isa = PBXProject;
			attributes = {
				BuildIndependentTargetsInParallel = 1;
				LastSwiftUpdateCheck = 1430;
				LastUpgradeCheck = 1430;
				TargetAttributes = {
					44BC3B0F2C3334D30045E84E = {
						CreatedOnToolsVersion = 14.3;
					};
					44BC3B282C3334D60045E84E = {
						CreatedOnToolsVersion = 14.3;
						TestTargetID = 44BC3B0F2C3334D30045E84E;
					};
					44BC3B322C3334D60045E84E = {
						CreatedOnToolsVersion = 14.3;
						TestTargetID = 44BC3B0F2C3334D30045E84E;
					};
				};
			};
			buildConfigurationList = 44BC3B0B2C3334D30045E84E /* Build configuration list for PBXProject "Football League Application" */;
			compatibilityVersion = "Xcode 14.0";
			developmentRegion = en;
			hasScannedForEncodings = 0;
			knownRegions = (
				en,
				Base,
			);
			mainGroup = 44BC3B072C3334D30045E84E;
			productRefGroup = 44BC3B112C3334D30045E84E /* Products */;
			projectDirPath = "";
			projectRoot = "";
			targets = (
				44BC3B0F2C3334D30045E84E /* Football League Application */,
				44BC3B282C3334D60045E84E /* Football League ApplicationTests */,
				44BC3B322C3334D60045E84E /* Football League ApplicationUITests */,
			);
		};
/* End PBXProject section */

/* Begin PBXResourcesBuildPhase section */
		44BC3B0E2C3334D30045E84E /* Resources */ = {
			isa = PBXResourcesBuildPhase;
			buildActionMask = 2147483647;
			files = (
				44BC3B232C3334D50045E84E /* LaunchScreen.storyboard in Resources */,
				44BC3B202C3334D50045E84E /* Assets.xcassets in Resources */,
				44BC3B1B2C3334D30045E84E /* Main.storyboard in Resources */,
				44BC3B472C3338090045E84E /* gitignore.txt in Resources */,
				445A358B2C333CB300B7CB48 /* sport.json in Resources */,
			);
			runOnlyForDeploymentPostprocessing = 0;
		};
		44BC3B272C3334D60045E84E /* Resources */ = {
			isa = PBXResourcesBuildPhase;
			buildActionMask = 2147483647;
			files = (
			);
			runOnlyForDeploymentPostprocessing = 0;
		};
		44BC3B312C3334D60045E84E /* Resources */ = {
			isa = PBXResourcesBuildPhase;
			buildActionMask = 2147483647;
			files = (
			);
			runOnlyForDeploymentPostprocessing = 0;
		};
/* End PBXResourcesBuildPhase section */

/* Begin PBXShellScriptBuildPhase section */
		29AA5D4C289EE5EBDBB0564D /* [CP] Embed Pods Frameworks */ = {
			isa = PBXShellScriptBuildPhase;
			buildActionMask = 2147483647;
			files = (
			);
			inputFileListPaths = (
				"${PODS_ROOT}/Target Support Files/Pods-Football League Application-Football League ApplicationUITests/Pods-Football League Application-Football League ApplicationUITests-frameworks-${CONFIGURATION}-input-files.xcfilelist",
			);
			name = "[CP] Embed Pods Frameworks";
			outputFileListPaths = (
				"${PODS_ROOT}/Target Support Files/Pods-Football League Application-Football League ApplicationUITests/Pods-Football League Application-Football League ApplicationUITests-frameworks-${CONFIGURATION}-output-files.xcfilelist",
			);
			runOnlyForDeploymentPostprocessing = 0;
			shellPath = /bin/sh;
			shellScript = "\"${PODS_ROOT}/Target Support Files/Pods-Football League Application-Football League ApplicationUITests/Pods-Football League Application-Football League ApplicationUITests-frameworks.sh\"\n";
			showEnvVarsInLog = 0;
		};
		707670EB1B2129D6AEB6BD08 /* [CP] Check Pods Manifest.lock */ = {
			isa = PBXShellScriptBuildPhase;
			buildActionMask = 2147483647;
			files = (
			);
			inputFileListPaths = (
			);
			inputPaths = (
				"${PODS_PODFILE_DIR_PATH}/Podfile.lock",
				"${PODS_ROOT}/Manifest.lock",
			);
			name = "[CP] Check Pods Manifest.lock";
			outputFileListPaths = (
			);
			outputPaths = (
				"$(DERIVED_FILE_DIR)/Pods-Football League ApplicationTests-checkManifestLockResult.txt",
			);
			runOnlyForDeploymentPostprocessing = 0;
			shellPath = /bin/sh;
			shellScript = "diff \"${PODS_PODFILE_DIR_PATH}/Podfile.lock\" \"${PODS_ROOT}/Manifest.lock\" > /dev/null\nif [ $? != 0 ] ; then\n    # print error to STDERR\n    echo \"error: The sandbox is not in sync with the Podfile.lock. Run 'pod install' or update your CocoaPods installation.\" >&2\n    exit 1\nfi\n# This output is used by Xcode 'outputs' to avoid re-running this script phase.\necho \"SUCCESS\" > \"${SCRIPT_OUTPUT_FILE_0}\"\n";
			showEnvVarsInLog = 0;
		};
		A6022C631DE41326A7C2C630 /* [CP] Embed Pods Frameworks */ = {
			isa = PBXShellScriptBuildPhase;
			buildActionMask = 2147483647;
			files = (
			);
			inputFileListPaths = (
				"${PODS_ROOT}/Target Support Files/Pods-Football League Application/Pods-Football League Application-frameworks-${CONFIGURATION}-input-files.xcfilelist",
			);
			name = "[CP] Embed Pods Frameworks";
			outputFileListPaths = (
				"${PODS_ROOT}/Target Support Files/Pods-Football League Application/Pods-Football League Application-frameworks-${CONFIGURATION}-output-files.xcfilelist",
			);
			runOnlyForDeploymentPostprocessing = 0;
			shellPath = /bin/sh;
			shellScript = "\"${PODS_ROOT}/Target Support Files/Pods-Football League Application/Pods-Football League Application-frameworks.sh\"\n";
			showEnvVarsInLog = 0;
		};
		EB920DDA41DE893813B6DAB7 /* [CP] Check Pods Manifest.lock */ = {
			isa = PBXShellScriptBuildPhase;
			buildActionMask = 2147483647;
			files = (
			);
			inputFileListPaths = (
			);
			inputPaths = (
				"${PODS_PODFILE_DIR_PATH}/Podfile.lock",
				"${PODS_ROOT}/Manifest.lock",
			);
			name = "[CP] Check Pods Manifest.lock";
			outputFileListPaths = (
			);
			outputPaths = (
				"$(DERIVED_FILE_DIR)/Pods-Football League Application-checkManifestLockResult.txt",
			);
			runOnlyForDeploymentPostprocessing = 0;
			shellPath = /bin/sh;
			shellScript = "diff \"${PODS_PODFILE_DIR_PATH}/Podfile.lock\" \"${PODS_ROOT}/Manifest.lock\" > /dev/null\nif [ $? != 0 ] ; then\n    # print error to STDERR\n    echo \"error: The sandbox is not in sync with the Podfile.lock. Run 'pod install' or update your CocoaPods installation.\" >&2\n    exit 1\nfi\n# This output is used by Xcode 'outputs' to avoid re-running this script phase.\necho \"SUCCESS\" > \"${SCRIPT_OUTPUT_FILE_0}\"\n";
			showEnvVarsInLog = 0;
		};
		FE5B2F61D22A3B5F91A1C9EE /* [CP] Check Pods Manifest.lock */ = {
			isa = PBXShellScriptBuildPhase;
			buildActionMask = 2147483647;
			files = (
			);
			inputFileListPaths = (
			);
			inputPaths = (
				"${PODS_PODFILE_DIR_PATH}/Podfile.lock",
				"${PODS_ROOT}/Manifest.lock",
			);
			name = "[CP] Check Pods Manifest.lock";
			outputFileListPaths = (
			);
			outputPaths = (
				"$(DERIVED_FILE_DIR)/Pods-Football League Application-Football League ApplicationUITests-checkManifestLockResult.txt",
			);
			runOnlyForDeploymentPostprocessing = 0;
			shellPath = /bin/sh;
			shellScript = "diff \"${PODS_PODFILE_DIR_PATH}/Podfile.lock\" \"${PODS_ROOT}/Manifest.lock\" > /dev/null\nif [ $? != 0 ] ; then\n    # print error to STDERR\n    echo \"error: The sandbox is not in sync with the Podfile.lock. Run 'pod install' or update your CocoaPods installation.\" >&2\n    exit 1\nfi\n# This output is used by Xcode 'outputs' to avoid re-running this script phase.\necho \"SUCCESS\" > \"${SCRIPT_OUTPUT_FILE_0}\"\n";
			showEnvVarsInLog = 0;
		};
/* End PBXShellScriptBuildPhase section */

/* Begin PBXSourcesBuildPhase section */
		44BC3B0C2C3334D30045E84E /* Sources */ = {
			isa = PBXSourcesBuildPhase;
			buildActionMask = 2147483647;
			files = (
				445A358E2C333D5300B7CB48 /* HomeViewController.swift in Sources */,
				44BC3B1E2C3334D30045E84E /* Football_League_Application.xcdatamodeld in Sources */,
				44BC3B182C3334D30045E84E /* SplashViewController.swift in Sources */,
				44BC3B142C3334D30045E84E /* AppDelegate.swift in Sources */,
				44BC3B162C3334D30045E84E /* SceneDelegate.swift in Sources */,
			);
			runOnlyForDeploymentPostprocessing = 0;
		};
		44BC3B252C3334D60045E84E /* Sources */ = {
			isa = PBXSourcesBuildPhase;
			buildActionMask = 2147483647;
			files = (
				44BC3B2E2C3334D60045E84E /* Football_League_ApplicationTests.swift in Sources */,
			);
			runOnlyForDeploymentPostprocessing = 0;
		};
		44BC3B2F2C3334D60045E84E /* Sources */ = {
			isa = PBXSourcesBuildPhase;
			buildActionMask = 2147483647;
			files = (
				44BC3B382C3334D60045E84E /* Football_League_ApplicationUITests.swift in Sources */,
				44BC3B3A2C3334D60045E84E /* Football_League_ApplicationUITestsLaunchTests.swift in Sources */,
			);
			runOnlyForDeploymentPostprocessing = 0;
		};
/* End PBXSourcesBuildPhase section */

/* Begin PBXTargetDependency section */
		44BC3B2B2C3334D60045E84E /* PBXTargetDependency */ = {
			isa = PBXTargetDependency;
			target = 44BC3B0F2C3334D30045E84E /* Football League Application */;
			targetProxy = 44BC3B2A2C3334D60045E84E /* PBXContainerItemProxy */;
		};
		44BC3B352C3334D60045E84E /* PBXTargetDependency */ = {
			isa = PBXTargetDependency;
			target = 44BC3B0F2C3334D30045E84E /* Football League Application */;
			targetProxy = 44BC3B342C3334D60045E84E /* PBXContainerItemProxy */;
		};
/* End PBXTargetDependency section */

/* Begin PBXVariantGroup section */
		44BC3B192C3334D30045E84E /* Main.storyboard */ = {
			isa = PBXVariantGroup;
			children = (
				44BC3B1A2C3334D30045E84E /* Base */,
			);
			name = Main.storyboard;
			sourceTree = "<group>";
		};
		44BC3B212C3334D50045E84E /* LaunchScreen.storyboard */ = {
			isa = PBXVariantGroup;
			children = (
				44BC3B222C3334D50045E84E /* Base */,
			);
			name = LaunchScreen.storyboard;
			sourceTree = "<group>";
		};
/* End PBXVariantGroup section */

/* Begin XCBuildConfiguration section */
		44BC3B3B2C3334D60045E84E /* Debug */ = {
			isa = XCBuildConfiguration;
			buildSettings = {
				ALWAYS_SEARCH_USER_PATHS = NO;
				CLANG_ANALYZER_NONNULL = YES;
				CLANG_ANALYZER_NUMBER_OBJECT_CONVERSION = YES_AGGRESSIVE;
				CLANG_CXX_LANGUAGE_STANDARD = "gnu++20";
				CLANG_ENABLE_MODULES = YES;
				CLANG_ENABLE_OBJC_ARC = YES;
				CLANG_ENABLE_OBJC_WEAK = YES;
				CLANG_WARN_BLOCK_CAPTURE_AUTORELEASING = YES;
				CLANG_WARN_BOOL_CONVERSION = YES;
				CLANG_WARN_COMMA = YES;
				CLANG_WARN_CONSTANT_CONVERSION = YES;
				CLANG_WARN_DEPRECATED_OBJC_IMPLEMENTATIONS = YES;
				CLANG_WARN_DIRECT_OBJC_ISA_USAGE = YES_ERROR;
				CLANG_WARN_DOCUMENTATION_COMMENTS = YES;
				CLANG_WARN_EMPTY_BODY = YES;
				CLANG_WARN_ENUM_CONVERSION = YES;
				CLANG_WARN_INFINITE_RECURSION = YES;
				CLANG_WARN_INT_CONVERSION = YES;
				CLANG_WARN_NON_LITERAL_NULL_CONVERSION = YES;
				CLANG_WARN_OBJC_IMPLICIT_RETAIN_SELF = YES;
				CLANG_WARN_OBJC_LITERAL_CONVERSION = YES;
				CLANG_WARN_OBJC_ROOT_CLASS = YES_ERROR;
				CLANG_WARN_QUOTED_INCLUDE_IN_FRAMEWORK_HEADER = YES;
				CLANG_WARN_RANGE_LOOP_ANALYSIS = YES;
				CLANG_WARN_STRICT_PROTOTYPES = YES;
				CLANG_WARN_SUSPICIOUS_MOVE = YES;
				CLANG_WARN_UNGUARDED_AVAILABILITY = YES_AGGRESSIVE;
				CLANG_WARN_UNREACHABLE_CODE = YES;
				CLANG_WARN__DUPLICATE_METHOD_MATCH = YES;
				COPY_PHASE_STRIP = NO;
				DEBUG_INFORMATION_FORMAT = dwarf;
				ENABLE_STRICT_OBJC_MSGSEND = YES;
				ENABLE_TESTABILITY = YES;
				GCC_C_LANGUAGE_STANDARD = gnu11;
				GCC_DYNAMIC_NO_PIC = NO;
				GCC_NO_COMMON_BLOCKS = YES;
				GCC_OPTIMIZATION_LEVEL = 0;
				GCC_PREPROCESSOR_DEFINITIONS = (
					"DEBUG=1",
					"$(inherited)",
				);
				GCC_WARN_64_TO_32_BIT_CONVERSION = YES;
				GCC_WARN_ABOUT_RETURN_TYPE = YES_ERROR;
				GCC_WARN_UNDECLARED_SELECTOR = YES;
				GCC_WARN_UNINITIALIZED_AUTOS = YES_AGGRESSIVE;
				GCC_WARN_UNUSED_FUNCTION = YES;
				GCC_WARN_UNUSED_VARIABLE = YES;
				IPHONEOS_DEPLOYMENT_TARGET = 16.4;
				MTL_ENABLE_DEBUG_INFO = INCLUDE_SOURCE;
				MTL_FAST_MATH = YES;
				ONLY_ACTIVE_ARCH = YES;
				SDKROOT = iphoneos;
				SWIFT_ACTIVE_COMPILATION_CONDITIONS = DEBUG;
				SWIFT_OPTIMIZATION_LEVEL = "-Onone";
			};
			name = Debug;
		};
		44BC3B3C2C3334D60045E84E /* Release */ = {
			isa = XCBuildConfiguration;
			buildSettings = {
				ALWAYS_SEARCH_USER_PATHS = NO;
				CLANG_ANALYZER_NONNULL = YES;
				CLANG_ANALYZER_NUMBER_OBJECT_CONVERSION = YES_AGGRESSIVE;
				CLANG_CXX_LANGUAGE_STANDARD = "gnu++20";
				CLANG_ENABLE_MODULES = YES;
				CLANG_ENABLE_OBJC_ARC = YES;
				CLANG_ENABLE_OBJC_WEAK = YES;
				CLANG_WARN_BLOCK_CAPTURE_AUTORELEASING = YES;
				CLANG_WARN_BOOL_CONVERSION = YES;
				CLANG_WARN_COMMA = YES;
				CLANG_WARN_CONSTANT_CONVERSION = YES;
				CLANG_WARN_DEPRECATED_OBJC_IMPLEMENTATIONS = YES;
				CLANG_WARN_DIRECT_OBJC_ISA_USAGE = YES_ERROR;
				CLANG_WARN_DOCUMENTATION_COMMENTS = YES;
				CLANG_WARN_EMPTY_BODY = YES;
				CLANG_WARN_ENUM_CONVERSION = YES;
				CLANG_WARN_INFINITE_RECURSION = YES;
				CLANG_WARN_INT_CONVERSION = YES;
				CLANG_WARN_NON_LITERAL_NULL_CONVERSION = YES;
				CLANG_WARN_OBJC_IMPLICIT_RETAIN_SELF = YES;
				CLANG_WARN_OBJC_LITERAL_CONVERSION = YES;
				CLANG_WARN_OBJC_ROOT_CLASS = YES_ERROR;
				CLANG_WARN_QUOTED_INCLUDE_IN_FRAMEWORK_HEADER = YES;
				CLANG_WARN_RANGE_LOOP_ANALYSIS = YES;
				CLANG_WARN_STRICT_PROTOTYPES = YES;
				CLANG_WARN_SUSPICIOUS_MOVE = YES;
				CLANG_WARN_UNGUARDED_AVAILABILITY = YES_AGGRESSIVE;
				CLANG_WARN_UNREACHABLE_CODE = YES;
				CLANG_WARN__DUPLICATE_METHOD_MATCH = YES;
				COPY_PHASE_STRIP = NO;
				DEBUG_INFORMATION_FORMAT = "dwarf-with-dsym";
				ENABLE_NS_ASSERTIONS = NO;
				ENABLE_STRICT_OBJC_MSGSEND = YES;
				GCC_C_LANGUAGE_STANDARD = gnu11;
				GCC_NO_COMMON_BLOCKS = YES;
				GCC_WARN_64_TO_32_BIT_CONVERSION = YES;
				GCC_WARN_ABOUT_RETURN_TYPE = YES_ERROR;
				GCC_WARN_UNDECLARED_SELECTOR = YES;
				GCC_WARN_UNINITIALIZED_AUTOS = YES_AGGRESSIVE;
				GCC_WARN_UNUSED_FUNCTION = YES;
				GCC_WARN_UNUSED_VARIABLE = YES;
				IPHONEOS_DEPLOYMENT_TARGET = 16.4;
				MTL_ENABLE_DEBUG_INFO = NO;
				MTL_FAST_MATH = YES;
				SDKROOT = iphoneos;
				SWIFT_COMPILATION_MODE = wholemodule;
				SWIFT_OPTIMIZATION_LEVEL = "-O";
				VALIDATE_PRODUCT = YES;
			};
			name = Release;
		};
		44BC3B3E2C3334D60045E84E /* Debug */ = {
			isa = XCBuildConfiguration;
			baseConfigurationReference = 9749969CB18E45EFF718E7D8 /* Pods-Football League Application.debug.xcconfig */;
			buildSettings = {
				ASSETCATALOG_COMPILER_APPICON_NAME = AppIcon;
				ASSETCATALOG_COMPILER_GLOBAL_ACCENT_COLOR_NAME = AccentColor;
				CODE_SIGN_STYLE = Automatic;
				CURRENT_PROJECT_VERSION = 1;
				GENERATE_INFOPLIST_FILE = YES;
				INFOPLIST_FILE = "Football League Application/Info.plist";
				INFOPLIST_KEY_UIApplicationSupportsIndirectInputEvents = YES;
				INFOPLIST_KEY_UILaunchStoryboardName = LaunchScreen;
				INFOPLIST_KEY_UIMainStoryboardFile = Main;
				INFOPLIST_KEY_UISupportedInterfaceOrientations_iPad = "UIInterfaceOrientationPortrait UIInterfaceOrientationPortraitUpsideDown UIInterfaceOrientationLandscapeLeft UIInterfaceOrientationLandscapeRight";
				INFOPLIST_KEY_UISupportedInterfaceOrientations_iPhone = "UIInterfaceOrientationPortrait UIInterfaceOrientationLandscapeLeft UIInterfaceOrientationLandscapeRight";
				LD_RUNPATH_SEARCH_PATHS = (
					"$(inherited)",
					"@executable_path/Frameworks",
				);
				MARKETING_VERSION = 1.0;
				PRODUCT_BUNDLE_IDENTIFIER = "mariam.Football-League-Application";
				PRODUCT_NAME = "$(TARGET_NAME)";
				SWIFT_EMIT_LOC_STRINGS = YES;
				SWIFT_VERSION = 5.0;
				TARGETED_DEVICE_FAMILY = "1,2";
			};
			name = Debug;
		};
		44BC3B3F2C3334D60045E84E /* Release */ = {
			isa = XCBuildConfiguration;
			baseConfigurationReference = 8FDC90E97FB253974EF3CB26 /* Pods-Football League Application.release.xcconfig */;
			buildSettings = {
				ASSETCATALOG_COMPILER_APPICON_NAME = AppIcon;
				ASSETCATALOG_COMPILER_GLOBAL_ACCENT_COLOR_NAME = AccentColor;
				CODE_SIGN_STYLE = Automatic;
				CURRENT_PROJECT_VERSION = 1;
				GENERATE_INFOPLIST_FILE = YES;
				INFOPLIST_FILE = "Football League Application/Info.plist";
				INFOPLIST_KEY_UIApplicationSupportsIndirectInputEvents = YES;
				INFOPLIST_KEY_UILaunchStoryboardName = LaunchScreen;
				INFOPLIST_KEY_UIMainStoryboardFile = Main;
				INFOPLIST_KEY_UISupportedInterfaceOrientations_iPad = "UIInterfaceOrientationPortrait UIInterfaceOrientationPortraitUpsideDown UIInterfaceOrientationLandscapeLeft UIInterfaceOrientationLandscapeRight";
				INFOPLIST_KEY_UISupportedInterfaceOrientations_iPhone = "UIInterfaceOrientationPortrait UIInterfaceOrientationLandscapeLeft UIInterfaceOrientationLandscapeRight";
				LD_RUNPATH_SEARCH_PATHS = (
					"$(inherited)",
					"@executable_path/Frameworks",
				);
				MARKETING_VERSION = 1.0;
				PRODUCT_BUNDLE_IDENTIFIER = "mariam.Football-League-Application";
				PRODUCT_NAME = "$(TARGET_NAME)";
				SWIFT_EMIT_LOC_STRINGS = YES;
				SWIFT_VERSION = 5.0;
				TARGETED_DEVICE_FAMILY = "1,2";
			};
			name = Release;
		};
		44BC3B412C3334D60045E84E /* Debug */ = {
			isa = XCBuildConfiguration;
			baseConfigurationReference = 59A6B88E2D3DBC92CA960C5F /* Pods-Football League ApplicationTests.debug.xcconfig */;
			buildSettings = {
				ALWAYS_EMBED_SWIFT_STANDARD_LIBRARIES = YES;
				BUNDLE_LOADER = "$(TEST_HOST)";
				CODE_SIGN_STYLE = Automatic;
				CURRENT_PROJECT_VERSION = 1;
				GENERATE_INFOPLIST_FILE = YES;
				IPHONEOS_DEPLOYMENT_TARGET = 16.4;
				MARKETING_VERSION = 1.0;
				PRODUCT_BUNDLE_IDENTIFIER = "mariam.Football-League-ApplicationTests";
				PRODUCT_NAME = "$(TARGET_NAME)";
				SWIFT_EMIT_LOC_STRINGS = NO;
				SWIFT_VERSION = 5.0;
				TARGETED_DEVICE_FAMILY = "1,2";
				TEST_HOST = "$(BUILT_PRODUCTS_DIR)/Football League Application.app/$(BUNDLE_EXECUTABLE_FOLDER_PATH)/Football League Application";
			};
			name = Debug;
		};
		44BC3B422C3334D60045E84E /* Release */ = {
			isa = XCBuildConfiguration;
			baseConfigurationReference = 609500829173D4B359E65FBF /* Pods-Football League ApplicationTests.release.xcconfig */;
			buildSettings = {
				ALWAYS_EMBED_SWIFT_STANDARD_LIBRARIES = YES;
				BUNDLE_LOADER = "$(TEST_HOST)";
				CODE_SIGN_STYLE = Automatic;
				CURRENT_PROJECT_VERSION = 1;
				GENERATE_INFOPLIST_FILE = YES;
				IPHONEOS_DEPLOYMENT_TARGET = 16.4;
				MARKETING_VERSION = 1.0;
				PRODUCT_BUNDLE_IDENTIFIER = "mariam.Football-League-ApplicationTests";
				PRODUCT_NAME = "$(TARGET_NAME)";
				SWIFT_EMIT_LOC_STRINGS = NO;
				SWIFT_VERSION = 5.0;
				TARGETED_DEVICE_FAMILY = "1,2";
				TEST_HOST = "$(BUILT_PRODUCTS_DIR)/Football League Application.app/$(BUNDLE_EXECUTABLE_FOLDER_PATH)/Football League Application";
			};
			name = Release;
		};
		44BC3B442C3334D60045E84E /* Debug */ = {
			isa = XCBuildConfiguration;
			baseConfigurationReference = FC71522C7AEA4C74D50DFEDB /* Pods-Football League Application-Football League ApplicationUITests.debug.xcconfig */;
			buildSettings = {
				ALWAYS_EMBED_SWIFT_STANDARD_LIBRARIES = YES;
				CODE_SIGN_STYLE = Automatic;
				CURRENT_PROJECT_VERSION = 1;
				GENERATE_INFOPLIST_FILE = YES;
				MARKETING_VERSION = 1.0;
				PRODUCT_BUNDLE_IDENTIFIER = "mariam.Football-League-ApplicationUITests";
				PRODUCT_NAME = "$(TARGET_NAME)";
				SWIFT_EMIT_LOC_STRINGS = NO;
				SWIFT_VERSION = 5.0;
				TARGETED_DEVICE_FAMILY = "1,2";
				TEST_TARGET_NAME = "Football League Application";
			};
			name = Debug;
		};
		44BC3B452C3334D60045E84E /* Release */ = {
			isa = XCBuildConfiguration;
			baseConfigurationReference = 35AE925C2640734E27F0A213 /* Pods-Football League Application-Football League ApplicationUITests.release.xcconfig */;
			buildSettings = {
				ALWAYS_EMBED_SWIFT_STANDARD_LIBRARIES = YES;
				CODE_SIGN_STYLE = Automatic;
				CURRENT_PROJECT_VERSION = 1;
				GENERATE_INFOPLIST_FILE = YES;
				MARKETING_VERSION = 1.0;
				PRODUCT_BUNDLE_IDENTIFIER = "mariam.Football-League-ApplicationUITests";
				PRODUCT_NAME = "$(TARGET_NAME)";
				SWIFT_EMIT_LOC_STRINGS = NO;
				SWIFT_VERSION = 5.0;
				TARGETED_DEVICE_FAMILY = "1,2";
				TEST_TARGET_NAME = "Football League Application";
			};
			name = Release;
		};
/* End XCBuildConfiguration section */

/* Begin XCConfigurationList section */
		44BC3B0B2C3334D30045E84E /* Build configuration list for PBXProject "Football League Application" */ = {
			isa = XCConfigurationList;
			buildConfigurations = (
				44BC3B3B2C3334D60045E84E /* Debug */,
				44BC3B3C2C3334D60045E84E /* Release */,
			);
			defaultConfigurationIsVisible = 0;
			defaultConfigurationName = Release;
		};
		44BC3B3D2C3334D60045E84E /* Build configuration list for PBXNativeTarget "Football League Application" */ = {
			isa = XCConfigurationList;
			buildConfigurations = (
				44BC3B3E2C3334D60045E84E /* Debug */,
				44BC3B3F2C3334D60045E84E /* Release */,
			);
			defaultConfigurationIsVisible = 0;
			defaultConfigurationName = Release;
		};
		44BC3B402C3334D60045E84E /* Build configuration list for PBXNativeTarget "Football League ApplicationTests" */ = {
			isa = XCConfigurationList;
			buildConfigurations = (
				44BC3B412C3334D60045E84E /* Debug */,
				44BC3B422C3334D60045E84E /* Release */,
			);
			defaultConfigurationIsVisible = 0;
			defaultConfigurationName = Release;
		};
		44BC3B432C3334D60045E84E /* Build configuration list for PBXNativeTarget "Football League ApplicationUITests" */ = {
			isa = XCConfigurationList;
			buildConfigurations = (
				44BC3B442C3334D60045E84E /* Debug */,
				44BC3B452C3334D60045E84E /* Release */,
			);
			defaultConfigurationIsVisible = 0;
			defaultConfigurationName = Release;
		};
/* End XCConfigurationList section */

/* Begin XCVersionGroup section */
		44BC3B1C2C3334D30045E84E /* Football_League_Application.xcdatamodeld */ = {
			isa = XCVersionGroup;
			children = (
				44BC3B1D2C3334D30045E84E /* Football_League_Application.xcdatamodel */,
			);
			currentVersion = 44BC3B1D2C3334D30045E84E /* Football_League_Application.xcdatamodel */;
			path = Football_League_Application.xcdatamodeld;
			sourceTree = "<group>";
			versionGroupType = wrapper.xcdatamodel;
		};
/* End XCVersionGroup section */
	};
	rootObject = 44BC3B082C3334D30045E84E /* Project object */;
}
